<?xml version="1.0" encoding="utf-8"?>
<Project ToolsVersion="4.0" xmlns="http://schemas.microsoft.com/developer/msbuild/2003">
  <ItemGroup>
    <Filter Include="源文件">
      <UniqueIdentifier>{4FC737F1-C7A5-4376-A066-2A32D752A2FF}</UniqueIdentifier>
      <Extensions>cpp;c;cc;cxx;def;odl;idl;hpj;bat;asm;asmx</Extensions>
    </Filter>
    <Filter Include="头文件">
      <UniqueIdentifier>{93995380-89BD-4b04-88EB-625FBE52EBFB}</UniqueIdentifier>
      <Extensions>h;hh;hpp;hxx;hm;inl;inc;xsd</Extensions>
    </Filter>
    <Filter Include="资源文件">
      <UniqueIdentifier>{67DA6AB6-F800-4c08-8B7A-83BB121AAD01}</UniqueIdentifier>
      <Extensions>rc;ico;cur;bmp;dlg;rc2;rct;bin;rgs;gif;jpg;jpeg;jpe;resx;tiff;tif;png;wav;mfcribbon-ms</Extensions>
    </Filter>
    <Filter Include="源文件\001-020">
      <UniqueIdentifier>{3213715b-6f31-4509-97b4-222c4e963a24}</UniqueIdentifier>
    </Filter>
    <Filter Include="源文件\021-040">
      <UniqueIdentifier>{e2048fa0-80c2-4701-ad87-ba58c721bc40}</UniqueIdentifier>
    </Filter>
    <Filter Include="源文件\041-060">
      <UniqueIdentifier>{d2a35a90-c0a1-41e6-8431-e28942ce1ee7}</UniqueIdentifier>
    </Filter>
    <Filter Include="源文件\061-080">
      <UniqueIdentifier>{eb68495a-728b-4cd1-99a0-5aed31a22466}</UniqueIdentifier>
    </Filter>
    <Filter Include="源文件\081-100">
      <UniqueIdentifier>{0fa1ebb7-799f-4f4c-8845-8a543db1cf49}</UniqueIdentifier>
    </Filter>
    <Filter Include="源文件\other test">
      <UniqueIdentifier>{86786e80-1c4d-4652-a75b-c2f4e577743b}</UniqueIdentifier>
    </Filter>
    <Filter Include="源文件\jianzhi offer test">
      <UniqueIdentifier>{09993dc6-7354-4907-a4f0-eef4df43226d}</UniqueIdentifier>
    </Filter>
    <Filter Include="源文件\101-120">
      <UniqueIdentifier>{316bdef9-9da8-4519-b0e6-f43eaf57fab3}</UniqueIdentifier>
    </Filter>
    <Filter Include="源文件\121-140">
      <UniqueIdentifier>{a69a6336-6ad2-456d-a63b-3d85dc2c465d}</UniqueIdentifier>
    </Filter>
    <Filter Include="源文件\141-160">
      <UniqueIdentifier>{edab863e-4eaa-4b23-90c8-78d9c268e32f}</UniqueIdentifier>
    </Filter>
    <Filter Include="源文件\161-180">
      <UniqueIdentifier>{4bd1b262-6ac7-4fcb-a970-4e922a258388}</UniqueIdentifier>
    </Filter>
    <Filter Include="源文件\181-200">
      <UniqueIdentifier>{3f74dfe4-c199-4991-ad12-cec0de227f82}</UniqueIdentifier>
    </Filter>
    <Filter Include="201-200">
      <UniqueIdentifier>{926fd149-3994-4c10-a34e-8bd6700eb7cc}</UniqueIdentifier>
    </Filter>
    <Filter Include="源文件\201-220">
      <UniqueIdentifier>{defd5068-2f93-4dc1-943f-105e81dab449}</UniqueIdentifier>
    </Filter>
  </ItemGroup>
  <ItemGroup>
    <ClCompile Include="001.cpp">
      <Filter>源文件\001-020</Filter>
    </ClCompile>
    <ClCompile Include="test1.cpp">
      <Filter>源文件\other test</Filter>
    </ClCompile>
    <ClCompile Include="002.cpp">
      <Filter>源文件\001-020</Filter>
    </ClCompile>
    <ClCompile Include="003.cpp">
      <Filter>源文件\001-020</Filter>
    </ClCompile>
    <ClCompile Include="004.cpp">
      <Filter>源文件\001-020</Filter>
    </ClCompile>
    <ClCompile Include="004改.cpp">
      <Filter>源文件\001-020</Filter>
    </ClCompile>
    <ClCompile Include="005.cpp">
      <Filter>源文件\001-020</Filter>
    </ClCompile>
    <ClCompile Include="006.cpp">
      <Filter>源文件\001-020</Filter>
    </ClCompile>
    <ClCompile Include="007.cpp">
      <Filter>源文件\001-020</Filter>
    </ClCompile>
    <ClCompile Include="008.cpp">
      <Filter>源文件\001-020</Filter>
    </ClCompile>
    <ClCompile Include="009.cpp">
      <Filter>源文件\001-020</Filter>
    </ClCompile>
    <ClCompile Include="010.cpp">
      <Filter>源文件\001-020</Filter>
    </ClCompile>
    <ClCompile Include="011.cpp">
      <Filter>源文件\001-020</Filter>
    </ClCompile>
    <ClCompile Include="012.cpp">
      <Filter>源文件\001-020</Filter>
    </ClCompile>
    <ClCompile Include="013.cpp">
      <Filter>源文件\001-020</Filter>
    </ClCompile>
    <ClCompile Include="014.cpp">
      <Filter>源文件\001-020</Filter>
    </ClCompile>
    <ClCompile Include="015.cpp">
      <Filter>源文件\001-020</Filter>
    </ClCompile>
    <ClCompile Include="016.cpp">
      <Filter>源文件\001-020</Filter>
    </ClCompile>
    <ClCompile Include="017.cpp">
      <Filter>源文件\001-020</Filter>
    </ClCompile>
    <ClCompile Include="test2.cpp">
      <Filter>源文件\other test</Filter>
    </ClCompile>
    <ClCompile Include="test3.cpp">
      <Filter>源文件\other test</Filter>
    </ClCompile>
    <ClCompile Include="018.cpp">
      <Filter>源文件\001-020</Filter>
    </ClCompile>
    <ClCompile Include="019.cpp">
      <Filter>源文件\001-020</Filter>
    </ClCompile>
    <ClCompile Include="020.cpp">
      <Filter>源文件\001-020</Filter>
    </ClCompile>
    <ClCompile Include="021.cpp">
      <Filter>源文件\021-040</Filter>
    </ClCompile>
    <ClCompile Include="022.cpp">
      <Filter>源文件\021-040</Filter>
    </ClCompile>
    <ClCompile Include="023.cpp">
      <Filter>源文件\021-040</Filter>
    </ClCompile>
    <ClCompile Include="025.cpp">
      <Filter>源文件\021-040</Filter>
    </ClCompile>
    <ClCompile Include="024.cpp">
      <Filter>源文件\021-040</Filter>
    </ClCompile>
    <ClCompile Include="053.cpp">
      <Filter>源文件\041-060</Filter>
    </ClCompile>
    <ClCompile Include="026.cpp">
      <Filter>源文件\021-040</Filter>
    </ClCompile>
    <ClCompile Include="027.cpp">
      <Filter>源文件\021-040</Filter>
    </ClCompile>
    <ClCompile Include="028.cpp">
      <Filter>源文件\021-040</Filter>
    </ClCompile>
    <ClCompile Include="029.cpp">
      <Filter>源文件\021-040</Filter>
    </ClCompile>
    <ClCompile Include="030.cpp">
      <Filter>源文件\021-040</Filter>
    </ClCompile>
    <ClCompile Include="031.cpp">
      <Filter>源文件\021-040</Filter>
    </ClCompile>
    <ClCompile Include="032.cpp">
      <Filter>源文件\021-040</Filter>
    </ClCompile>
    <ClCompile Include="033.cpp">
      <Filter>源文件\021-040</Filter>
    </ClCompile>
    <ClCompile Include="034.cpp">
      <Filter>源文件\021-040</Filter>
    </ClCompile>
    <ClCompile Include="035.cpp">
      <Filter>源文件\021-040</Filter>
    </ClCompile>
    <ClCompile Include="036.cpp">
      <Filter>源文件\021-040</Filter>
    </ClCompile>
    <ClCompile Include="037.cpp">
      <Filter>源文件\021-040</Filter>
    </ClCompile>
    <ClCompile Include="038.cpp">
      <Filter>源文件\021-040</Filter>
    </ClCompile>
    <ClCompile Include="039.cpp">
      <Filter>源文件\021-040</Filter>
    </ClCompile>
    <ClCompile Include="040.cpp">
      <Filter>源文件\021-040</Filter>
    </ClCompile>
    <ClCompile Include="041.cpp">
      <Filter>源文件\041-060</Filter>
    </ClCompile>
    <ClCompile Include="jindutiao.cpp">
      <Filter>源文件\other test</Filter>
    </ClCompile>
    <ClCompile Include="042.cpp">
      <Filter>源文件\041-060</Filter>
    </ClCompile>
    <ClCompile Include="043.cpp">
      <Filter>源文件\041-060</Filter>
    </ClCompile>
    <ClCompile Include="044.cpp">
      <Filter>源文件\041-060</Filter>
    </ClCompile>
    <ClCompile Include="045.cpp">
      <Filter>源文件\041-060</Filter>
    </ClCompile>
    <ClCompile Include="047.cpp">
      <Filter>源文件\041-060</Filter>
    </ClCompile>
    <ClCompile Include="046改.cpp">
      <Filter>源文件\041-060</Filter>
    </ClCompile>
    <ClCompile Include="048.cpp">
      <Filter>源文件\041-060</Filter>
    </ClCompile>
    <ClCompile Include="049.cpp">
      <Filter>源文件\041-060</Filter>
    </ClCompile>
    <ClCompile Include="050.cpp">
      <Filter>源文件\041-060</Filter>
    </ClCompile>
    <ClCompile Include="051.cpp">
      <Filter>源文件\041-060</Filter>
    </ClCompile>
    <ClCompile Include="051改.cpp">
      <Filter>源文件\041-060</Filter>
    </ClCompile>
    <ClCompile Include="test4.cpp">
      <Filter>源文件\other test</Filter>
    </ClCompile>
    <ClCompile Include="054.cpp">
      <Filter>源文件\041-060</Filter>
    </ClCompile>
    <ClCompile Include="055.cpp">
      <Filter>源文件\041-060</Filter>
    </ClCompile>
    <ClCompile Include="055动态规划.cpp">
      <Filter>源文件\041-060</Filter>
    </ClCompile>
    <ClCompile Include="055动脑.cpp">
      <Filter>源文件\041-060</Filter>
    </ClCompile>
    <ClCompile Include="056.cpp">
      <Filter>源文件\041-060</Filter>
    </ClCompile>
    <ClCompile Include="057.cpp">
      <Filter>源文件\041-060</Filter>
    </ClCompile>
    <ClCompile Include="058.cpp">
      <Filter>源文件\041-060</Filter>
    </ClCompile>
    <ClCompile Include="059.cpp">
      <Filter>源文件\041-060</Filter>
    </ClCompile>
    <ClCompile Include="060.cpp">
      <Filter>源文件\041-060</Filter>
    </ClCompile>
    <ClCompile Include="061.cpp">
      <Filter>源文件\061-080</Filter>
    </ClCompile>
    <ClCompile Include="062.cpp">
      <Filter>源文件\061-080</Filter>
    </ClCompile>
    <ClCompile Include="062动规.cpp">
      <Filter>源文件\061-080</Filter>
    </ClCompile>
    <ClCompile Include="alitest.cpp">
      <Filter>源文件\other test</Filter>
    </ClCompile>
    <ClCompile Include="tt2.cpp">
      <Filter>源文件\other test</Filter>
    </ClCompile>
    <ClCompile Include="ttt3.cpp">
      <Filter>源文件\other test</Filter>
    </ClCompile>
    <ClCompile Include="wangyi_test1.cpp">
      <Filter>源文件\other test</Filter>
    </ClCompile>
    <ClCompile Include="stl function test.cpp">
      <Filter>源文件\other test</Filter>
    </ClCompile>
    <ClCompile Include="wangyi_test2.cpp">
      <Filter>源文件\other test</Filter>
    </ClCompile>
    <ClCompile Include="063.cpp">
      <Filter>源文件\061-080</Filter>
    </ClCompile>
    <ClCompile Include="067.cpp">
      <Filter>源文件\061-080</Filter>
    </ClCompile>
    <ClCompile Include="064.cpp">
      <Filter>源文件\061-080</Filter>
    </ClCompile>
    <ClCompile Include="066.cpp">
      <Filter>源文件\061-080</Filter>
    </ClCompile>
    <ClCompile Include="03.cpp">
      <Filter>源文件\jianzhi offer test</Filter>
    </ClCompile>
    <ClCompile Include="04.cpp">
      <Filter>源文件\jianzhi offer test</Filter>
    </ClCompile>
    <ClCompile Include="05.cpp">
      <Filter>源文件\jianzhi offer test</Filter>
    </ClCompile>
    <ClCompile Include="06.cpp">
      <Filter>源文件\jianzhi offer test</Filter>
    </ClCompile>
    <ClCompile Include="07.cpp">
      <Filter>源文件\jianzhi offer test</Filter>
    </ClCompile>
    <ClCompile Include="08.cpp">
      <Filter>源文件\jianzhi offer test</Filter>
    </ClCompile>
    <ClCompile Include="09.cpp">
      <Filter>源文件\jianzhi offer test</Filter>
    </ClCompile>
    <ClCompile Include="10.cpp">
      <Filter>源文件\jianzhi offer test</Filter>
    </ClCompile>
    <ClCompile Include="11.cpp">
      <Filter>源文件\jianzhi offer test</Filter>
    </ClCompile>
    <ClCompile Include="12.cpp">
      <Filter>源文件\jianzhi offer test</Filter>
    </ClCompile>
    <ClCompile Include="13.cpp">
      <Filter>源文件\jianzhi offer test</Filter>
    </ClCompile>
    <ClCompile Include="baidu_test.cpp">
      <Filter>源文件\other test</Filter>
    </ClCompile>
    <ClCompile Include="baidu_test2.cpp">
      <Filter>源文件\other test</Filter>
    </ClCompile>
    <ClCompile Include="069.cpp">
      <Filter>源文件\061-080</Filter>
    </ClCompile>
    <ClCompile Include="070.cpp">
      <Filter>源文件\061-080</Filter>
    </ClCompile>
    <ClCompile Include="071.cpp">
      <Filter>源文件\061-080</Filter>
    </ClCompile>
    <ClCompile Include="sort_test.cpp">
      <Filter>源文件\other test</Filter>
    </ClCompile>
    <ClCompile Include="tengxun_test1.cpp">
      <Filter>源文件\other test</Filter>
    </ClCompile>
    <ClCompile Include="jingdong_test1.cpp">
      <Filter>源文件\other test</Filter>
    </ClCompile>
    <ClCompile Include="jingdong_test2.cpp">
      <Filter>源文件\other test</Filter>
    </ClCompile>
    <ClCompile Include="073.cpp">
      <Filter>源文件\061-080</Filter>
    </ClCompile>
    <ClCompile Include="074.cpp">
      <Filter>源文件\061-080</Filter>
    </ClCompile>
    <ClCompile Include="14.cpp">
      <Filter>源文件\jianzhi offer test</Filter>
    </ClCompile>
    <ClCompile Include="15.cpp">
      <Filter>源文件\jianzhi offer test</Filter>
    </ClCompile>
    <ClCompile Include="16.cpp">
      <Filter>源文件\jianzhi offer test</Filter>
    </ClCompile>
    <ClCompile Include="17.cpp">
      <Filter>源文件\jianzhi offer test</Filter>
    </ClCompile>
    <ClCompile Include="075.cpp">
      <Filter>源文件\061-080</Filter>
    </ClCompile>
    <ClCompile Include="076.cpp">
      <Filter>源文件\061-080</Filter>
    </ClCompile>
    <ClCompile Include="078.cpp">
      <Filter>源文件\061-080</Filter>
    </ClCompile>
    <ClCompile Include="18.cpp">
      <Filter>源文件\jianzhi offer test</Filter>
    </ClCompile>
    <ClCompile Include="xiatest1.cpp">
      <Filter>源文件\other test</Filter>
    </ClCompile>
    <ClCompile Include="xiatest2.cpp">
      <Filter>源文件\other test</Filter>
    </ClCompile>
    <ClCompile Include="079.cpp">
      <Filter>源文件\061-080</Filter>
    </ClCompile>
    <ClCompile Include="080.cpp">
      <Filter>源文件\061-080</Filter>
    </ClCompile>
    <ClCompile Include="081.cpp">
      <Filter>源文件\081-100</Filter>
    </ClCompile>
    <ClCompile Include="082.cpp">
      <Filter>源文件\081-100</Filter>
    </ClCompile>
    <ClCompile Include="083.cpp">
      <Filter>源文件\081-100</Filter>
    </ClCompile>
    <ClCompile Include="meituan_test1.cpp">
      <Filter>源文件\other test</Filter>
    </ClCompile>
    <ClCompile Include="meituan_test2.cpp">
      <Filter>源文件\other test</Filter>
    </ClCompile>
    <ClCompile Include="086.cpp">
      <Filter>源文件\081-100</Filter>
    </ClCompile>
    <ClCompile Include="088.cpp">
      <Filter>源文件\081-100</Filter>
    </ClCompile>
    <ClCompile Include="089.cpp">
      <Filter>源文件\081-100</Filter>
    </ClCompile>
    <ClCompile Include="090.cpp">
      <Filter>源文件\081-100</Filter>
    </ClCompile>
    <ClCompile Include="091.cpp">
      <Filter>源文件\081-100</Filter>
    </ClCompile>
    <ClCompile Include="092.cpp">
      <Filter>源文件\081-100</Filter>
    </ClCompile>
    <ClCompile Include="093.cpp">
      <Filter>源文件\081-100</Filter>
    </ClCompile>
    <ClCompile Include="alitest1.cpp">
      <Filter>源文件\other test</Filter>
    </ClCompile>
    <ClCompile Include="ali_test2.cpp">
      <Filter>源文件\other test</Filter>
    </ClCompile>
    <ClCompile Include="094.cpp">
      <Filter>源文件\081-100</Filter>
    </ClCompile>
    <ClCompile Include="095.cpp">
      <Filter>源文件\081-100</Filter>
    </ClCompile>
    <ClCompile Include="096.cpp">
      <Filter>源文件\081-100</Filter>
    </ClCompile>
    <ClCompile Include="098.cpp">
      <Filter>源文件\081-100</Filter>
    </ClCompile>
    <ClCompile Include="100.cpp">
      <Filter>源文件\081-100</Filter>
    </ClCompile>
    <ClCompile Include="101.cpp">
      <Filter>源文件\101-120</Filter>
    </ClCompile>
    <ClCompile Include="118.cpp">
      <Filter>源文件\101-120</Filter>
    </ClCompile>
    <ClCompile Include="119.cpp">
      <Filter>源文件\101-120</Filter>
    </ClCompile>
    <ClCompile Include="120.cpp">
      <Filter>源文件\101-120</Filter>
    </ClCompile>
    <ClCompile Include="121.cpp">
      <Filter>源文件\121-140</Filter>
    </ClCompile>
    <ClCompile Include="122.cpp">
      <Filter>源文件\121-140</Filter>
    </ClCompile>
    <ClCompile Include="125.cpp">
      <Filter>源文件\121-140</Filter>
    </ClCompile>
    <ClCompile Include="102.cpp">
      <Filter>源文件\101-120</Filter>
    </ClCompile>
    <ClCompile Include="127 time out.cpp">
      <Filter>源文件\121-140</Filter>
    </ClCompile>
    <ClCompile Include="103.cpp">
      <Filter>源文件\101-120</Filter>
    </ClCompile>
    <ClCompile Include="136.cpp">
      <Filter>源文件\121-140</Filter>
    </ClCompile>
    <ClCompile Include="137.cpp">
      <Filter>源文件\121-140</Filter>
    </ClCompile>
    <ClCompile Include="130.cpp">
      <Filter>源文件\121-140</Filter>
    </ClCompile>
    <ClCompile Include="130改.cpp">
      <Filter>源文件\121-140</Filter>
    </ClCompile>
    <ClCompile Include="104.cpp">
      <Filter>源文件\101-120</Filter>
    </ClCompile>
    <ClCompile Include="105.cpp">
      <Filter>源文件\101-120</Filter>
    </ClCompile>
    <ClCompile Include="131.cpp">
      <Filter>源文件\121-140</Filter>
    </ClCompile>
    <ClCompile Include="112.cpp">
      <Filter>源文件\101-120</Filter>
    </ClCompile>
    <ClCompile Include="113.cpp">
      <Filter>源文件\101-120</Filter>
    </ClCompile>
    <ClCompile Include="138.cpp">
      <Filter>源文件\121-140</Filter>
    </ClCompile>
    <ClCompile Include="107.cpp">
      <Filter>源文件\101-120</Filter>
    </ClCompile>
    <ClCompile Include="108.cpp">
      <Filter>源文件\101-120</Filter>
    </ClCompile>
    <ClCompile Include="116.cpp">
      <Filter>源文件\101-120</Filter>
    </ClCompile>
    <ClCompile Include="117.cpp">
      <Filter>源文件\101-120</Filter>
    </ClCompile>
    <ClCompile Include="110.cpp">
      <Filter>源文件\101-120</Filter>
    </ClCompile>
    <ClCompile Include="114.cpp">
      <Filter>源文件\101-120</Filter>
    </ClCompile>
    <ClCompile Include="111.cpp">
      <Filter>源文件\101-120</Filter>
    </ClCompile>
    <ClCompile Include="133.cpp">
      <Filter>源文件\121-140</Filter>
    </ClCompile>
    <ClCompile Include="134.cpp">
      <Filter>源文件\121-140</Filter>
    </ClCompile>
    <ClCompile Include="139.cpp">
      <Filter>源文件\121-140</Filter>
    </ClCompile>
    <ClCompile Include="129.cpp">
      <Filter>源文件\121-140</Filter>
    </ClCompile>
    <ClCompile Include="151.cpp">
      <Filter>源文件\141-160</Filter>
    </ClCompile>
    <ClCompile Include="152.cpp">
      <Filter>源文件\141-160</Filter>
    </ClCompile>
    <ClCompile Include="127.cpp">
      <Filter>源文件\121-140</Filter>
    </ClCompile>
    <ClCompile Include="map_test.cpp">
      <Filter>源文件\other test</Filter>
    </ClCompile>
    <ClCompile Include="150.cpp">
      <Filter>源文件\141-160</Filter>
    </ClCompile>
    <ClCompile Include="153.cpp">
      <Filter>源文件\141-160</Filter>
    </ClCompile>
    <ClCompile Include="054-again.cpp">
      <Filter>源文件\041-060</Filter>
    </ClCompile>
    <ClCompile Include="159.cpp">
      <Filter>源文件\141-160</Filter>
    </ClCompile>
    <ClCompile Include="141.cpp">
      <Filter>源文件\141-160</Filter>
    </ClCompile>
    <ClCompile Include="142.cpp">
      <Filter>源文件\141-160</Filter>
    </ClCompile>
    <ClCompile Include="160.cpp">
      <Filter>源文件\141-160</Filter>
    </ClCompile>
    <ClCompile Include="162.cpp">
      <Filter>源文件\161-180</Filter>
    </ClCompile>
    <ClCompile Include="143.cpp">
      <Filter>源文件\141-160</Filter>
    </ClCompile>
    <ClCompile Include="147.cpp">
      <Filter>源文件\141-160</Filter>
    </ClCompile>
    <ClCompile Include="148.cpp">
      <Filter>源文件\141-160</Filter>
    </ClCompile>
    <ClCompile Include="165.cpp">
      <Filter>源文件\161-180</Filter>
    </ClCompile>
    <ClCompile Include="167.cpp">
      <Filter>源文件\161-180</Filter>
    </ClCompile>
    <ClCompile Include="166.cpp">
      <Filter>源文件\161-180</Filter>
    </ClCompile>
    <ClCompile Include="168.cpp">
      <Filter>源文件\161-180</Filter>
    </ClCompile>
    <ClCompile Include="179.cpp">
      <Filter>源文件\161-180</Filter>
    </ClCompile>
    <ClCompile Include="187.cpp">
      <Filter>源文件\181-200</Filter>
    </ClCompile>
    <ClCompile Include="169.cpp">
      <Filter>源文件\161-180</Filter>
    </ClCompile>
    <ClCompile Include="172.cpp">
      <Filter>源文件\161-180</Filter>
    </ClCompile>
    <ClCompile Include="200.cpp">
      <Filter>源文件\181-200</Filter>
    </ClCompile>
    <ClCompile Include="201_mark.cpp">
      <Filter>源文件\201-220</Filter>
    </ClCompile>
    <ClCompile Include="189_mark.cpp">
      <Filter>源文件\181-200</Filter>
    </ClCompile>
    <ClCompile Include="190.cpp">
      <Filter>源文件\181-200</Filter>
    </ClCompile>
    <ClCompile Include="202p.cpp">
      <Filter>源文件\201-220</Filter>
    </ClCompile>
    <ClCompile Include="207.cpp">
      <Filter>源文件\201-220</Filter>
    </ClCompile>
    <ClCompile Include="202.cpp">
      <Filter>源文件\201-220</Filter>
    </ClCompile>
    <ClCompile Include="204.cpp">
      <Filter>源文件\201-220</Filter>
    </ClCompile>
    <ClCompile Include="205.cpp">
      <Filter>源文件\201-220</Filter>
    </ClCompile>
    <ClCompile Include="199.cpp">
      <Filter>源文件\181-200</Filter>
    </ClCompile>
    <ClCompile Include="206.cpp">
      <Filter>源文件\201-220</Filter>
    </ClCompile>
    <ClCompile Include="198.cpp">
      <Filter>源文件\181-200</Filter>
    </ClCompile>
    <ClCompile Include="213.cpp">
      <Filter>源文件\201-220</Filter>
    </ClCompile>
    <ClCompile Include="209.cpp">
      <Filter>源文件\201-220</Filter>
    </ClCompile>
    <ClCompile Include="215.cpp">
      <Filter>源文件\201-220</Filter>
    </ClCompile>
  </ItemGroup>
</Project>